
Microsoft Visual Studio Solution File, Format Version 12.00
# Visual Studio 2013
VisualStudioVersion = 12.0.21005.1
MinimumVisualStudioVersion = 10.0.40219.1
Project("{FAE04EC0-301F-11D3-BF4B-00C04F79EFBC}") = "UI.Desktop", "UI.Desktop\UI.Desktop.csproj", "{3CC8F3F9-A695-43E4-AE4E-E68F4CB5776F}"
EndProject
Project("{FAE04EC0-301F-11D3-BF4B-00C04F79EFBC}") = "Negocio", "Negocio\Negocio.csproj", "{7FF938EC-9633-4AF6-A235-245784847F99}"
EndProject
Project("{FAE04EC0-301F-11D3-BF4B-00C04F79EFBC}") = "Util", "Util\Util.csproj", "{18A9D2C9-00B6-40E3-AB42-C83D01EC67E5}"
EndProject
Project("{FAE04EC0-301F-11D3-BF4B-00C04F79EFBC}") = "Entidades", "Entidades\Entidades.csproj", "{1E705B66-9858-4799-A997-4AFF2D112AC9}"
EndProject
Project("{E24C65DC-7377-472B-9ABA-BC803B73C61A}") = "UI.web1", "http://localhost:51440", "{C14C5ECA-B331-44ED-AD94-237CBC09B475}"
	ProjectSection(WebsiteProperties) = preProject
		UseIISExpress = "true"
		TargetFrameworkMoniker = ".NETFramework,Version%3Dv4.5"
		ProjectReferences = "{1e705b66-9858-4799-a997-4aff2d112ac9}|Entidades.dll;{7ff938ec-9633-4af6-a235-245784847f99}|Negocio.dll;{18D1C50F-58E0-4D94-B05B-4A95A146E6BB}|Data.Database.dll;"
		Debug.AspNetCompiler.VirtualPath = "/localhost_51440"
		Debug.AspNetCompiler.PhysicalPath = "..\..\..\WebSites\UI.web1\"
		Debug.AspNetCompiler.TargetPath = "PrecompiledWeb\localhost_51440\"
		Debug.AspNetCompiler.Updateable = "true"
		Debug.AspNetCompiler.ForceOverwrite = "true"
		Debug.AspNetCompiler.FixedNames = "false"
		Debug.AspNetCompiler.Debug = "True"
		Release.AspNetCompiler.VirtualPath = "/localhost_51440"
		Release.AspNetCompiler.PhysicalPath = "..\..\..\WebSites\UI.web1\"
		Release.AspNetCompiler.TargetPath = "PrecompiledWeb\localhost_51440\"
		Release.AspNetCompiler.Updateable = "true"
		Release.AspNetCompiler.ForceOverwrite = "true"
		Release.AspNetCompiler.FixedNames = "false"
		Release.AspNetCompiler.Debug = "False"
		SlnRelativePath = "..\..\..\WebSites\UI.web1\"
		DefaultWebSiteLanguage = "Visual C#"
	EndProjectSection
EndProject
Project("{FAE04EC0-301F-11D3-BF4B-00C04F79EFBC}") = "Data.Database", "Data.Database\Data.Database.csproj", "{18D1C50F-58E0-4D94-B05B-4A95A146E6BB}"
EndProject
Project("{FAE04EC0-301F-11D3-BF4B-00C04F79EFBC}") = "UI.Consola", "UI.Consola\UI.Consola.csproj", "{4DE5E0F6-56EB-4710-834B-113BBB3E6236}"
EndProject
Global
	GlobalSection(SolutionConfigurationPlatforms) = preSolution
		Debug|Any CPU = Debug|Any CPU
		Release|Any CPU = Release|Any CPU
	EndGlobalSection
	GlobalSection(ProjectConfigurationPlatforms) = postSolution
		{3CC8F3F9-A695-43E4-AE4E-E68F4CB5776F}.Debug|Any CPU.ActiveCfg = Debug|Any CPU
		{3CC8F3F9-A695-43E4-AE4E-E68F4CB5776F}.Debug|Any CPU.Build.0 = Debug|Any CPU
		{3CC8F3F9-A695-43E4-AE4E-E68F4CB5776F}.Release|Any CPU.ActiveCfg = Release|Any CPU
		{3CC8F3F9-A695-43E4-AE4E-E68F4CB5776F}.Release|Any CPU.Build.0 = Release|Any CPU
		{7FF938EC-9633-4AF6-A235-245784847F99}.Debug|Any CPU.ActiveCfg = Debug|Any CPU
		{7FF938EC-9633-4AF6-A235-245784847F99}.Debug|Any CPU.Build.0 = Debug|Any CPU
		{7FF938EC-9633-4AF6-A235-245784847F99}.Release|Any CPU.ActiveCfg = Release|Any CPU
		{7FF938EC-9633-4AF6-A235-245784847F99}.Release|Any CPU.Build.0 = Release|Any CPU
		{18A9D2C9-00B6-40E3-AB42-C83D01EC67E5}.Debug|Any CPU.ActiveCfg = Debug|Any CPU
		{18A9D2C9-00B6-40E3-AB42-C83D01EC67E5}.Debug|Any CPU.Build.0 = Debug|Any CPU
		{18A9D2C9-00B6-40E3-AB42-C83D01EC67E5}.Release|Any CPU.ActiveCfg = Release|Any CPU
		{18A9D2C9-00B6-40E3-AB42-C83D01EC67E5}.Release|Any CPU.Build.0 = Release|Any CPU
		{1E705B66-9858-4799-A997-4AFF2D112AC9}.Debug|Any CPU.ActiveCfg = Debug|Any CPU
		{1E705B66-9858-4799-A997-4AFF2D112AC9}.Debug|Any CPU.Build.0 = Debug|Any CPU
		{1E705B66-9858-4799-A997-4AFF2D112AC9}.Release|Any CPU.ActiveCfg = Release|Any CPU
		{1E705B66-9858-4799-A997-4AFF2D112AC9}.Release|Any CPU.Build.0 = Release|Any CPU
		{C14C5ECA-B331-44ED-AD94-237CBC09B475}.Debug|Any CPU.ActiveCfg = Debug|Any CPU
		{C14C5ECA-B331-44ED-AD94-237CBC09B475}.Debug|Any CPU.Build.0 = Debug|Any CPU
		{C14C5ECA-B331-44ED-AD94-237CBC09B475}.Release|Any CPU.ActiveCfg = Debug|Any CPU
		{C14C5ECA-B331-44ED-AD94-237CBC09B475}.Release|Any CPU.Build.0 = Debug|Any CPU
		{18D1C50F-58E0-4D94-B05B-4A95A146E6BB}.Debug|Any CPU.ActiveCfg = Debug|Any CPU
		{18D1C50F-58E0-4D94-B05B-4A95A146E6BB}.Debug|Any CPU.Build.0 = Debug|Any CPU
		{18D1C50F-58E0-4D94-B05B-4A95A146E6BB}.Release|Any CPU.ActiveCfg = Release|Any CPU
		{18D1C50F-58E0-4D94-B05B-4A95A146E6BB}.Release|Any CPU.Build.0 = Release|Any CPU
		{4DE5E0F6-56EB-4710-834B-113BBB3E6236}.Debug|Any CPU.ActiveCfg = Debug|Any CPU
		{4DE5E0F6-56EB-4710-834B-113BBB3E6236}.Debug|Any CPU.Build.0 = Debug|Any CPU
		{4DE5E0F6-56EB-4710-834B-113BBB3E6236}.Release|Any CPU.ActiveCfg = Release|Any CPU
		{4DE5E0F6-56EB-4710-834B-113BBB3E6236}.Release|Any CPU.Build.0 = Release|Any CPU
	EndGlobalSection
	GlobalSection(SolutionProperties) = preSolution
		HideSolutionNode = FALSE
	EndGlobalSection
EndGlobal
